
Microsoft Visual Studio Solution File, Format Version 12.00
# Visual Studio Version 17
VisualStudioVersion = 17.14.36518.9 d17.14
MinimumVisualStudioVersion = 10.0.40219.1
Project("{FAE04EC0-301F-11D3-BF4B-00C04F79EFBC}") = "Laboratorio71", "Laboratorio7\Laboratorio71.csproj", "{C250114D-F68A-4144-9078-2833F1712112}"
EndProject
Project("{FAE04EC0-301F-11D3-BF4B-00C04F79EFBC}") = "Laboratorio72", "Laboratorio72\Laboratorio72.csproj", "{48D593E3-EA5A-4CD3-92EA-CEC4074237D2}"
EndProject
Global
	GlobalSection(SolutionConfigurationPlatforms) = preSolution
		Debug|Any CPU = Debug|Any CPU
		Release|Any CPU = Release|Any CPU
	EndGlobalSection
	GlobalSection(ProjectConfigurationPlatforms) = postSolution
		{C250114D-F68A-4144-9078-2833F1712112}.Debug|Any CPU.ActiveCfg = Debug|Any CPU
		{C250114D-F68A-4144-9078-2833F1712112}.Debug|Any CPU.Build.0 = Debug|Any CPU
		{C250114D-F68A-4144-9078-2833F1712112}.Release|Any CPU.ActiveCfg = Release|Any CPU
		{C250114D-F68A-4144-9078-2833F1712112}.Release|Any CPU.Build.0 = Release|Any CPU
		{48D593E3-EA5A-4CD3-92EA-CEC4074237D2}.Debug|Any CPU.ActiveCfg = Debug|Any CPU
		{48D593E3-EA5A-4CD3-92EA-CEC4074237D2}.Debug|Any CPU.Build.0 = Debug|Any CPU
		{48D593E3-EA5A-4CD3-92EA-CEC4074237D2}.Release|Any CPU.ActiveCfg = Release|Any CPU
		{48D593E3-EA5A-4CD3-92EA-CEC4074237D2}.Release|Any CPU.Build.0 = Release|Any CPU
	EndGlobalSection
	GlobalSection(SolutionProperties) = preSolution
		HideSolutionNode = FALSE
	EndGlobalSection
	GlobalSection(ExtensibilityGlobals) = postSolution
		SolutionGuid = {4339104A-83A3-49F5-AF8F-E21FC73DFFC1}
	EndGlobalSection
EndGlobal
