
Microsoft Visual Studio Solution File, Format Version 12.00
# Visual Studio Version 17
VisualStudioVersion = 17.14.36414.22 d17.14
MinimumVisualStudioVersion = 10.0.40219.1
Project("{FAE04EC0-301F-11D3-BF4B-00C04F79EFBC}") = "Laboratorio131", "Laboratorio131\Laboratorio131.csproj", "{51A1CDEA-2F7E-40E5-A77C-54E739C33D50}"
EndProject
Global
	GlobalSection(SolutionConfigurationPlatforms) = preSolution
		Debug|Any CPU = Debug|Any CPU
		Release|Any CPU = Release|Any CPU
	EndGlobalSection
	GlobalSection(ProjectConfigurationPlatforms) = postSolution
		{51A1CDEA-2F7E-40E5-A77C-54E739C33D50}.Debug|Any CPU.ActiveCfg = Debug|Any CPU
		{51A1CDEA-2F7E-40E5-A77C-54E739C33D50}.Debug|Any CPU.Build.0 = Debug|Any CPU
		{51A1CDEA-2F7E-40E5-A77C-54E739C33D50}.Release|Any CPU.ActiveCfg = Release|Any CPU
		{51A1CDEA-2F7E-40E5-A77C-54E739C33D50}.Release|Any CPU.Build.0 = Release|Any CPU
	EndGlobalSection
	GlobalSection(SolutionProperties) = preSolution
		HideSolutionNode = FALSE
	EndGlobalSection
	GlobalSection(ExtensibilityGlobals) = postSolution
		SolutionGuid = {0CE79481-3D4C-4CEB-8D8D-0AB4C9F246F1}
	EndGlobalSection
EndGlobal
