
Microsoft Visual Studio Solution File, Format Version 12.00
# Visual Studio Version 17
VisualStudioVersion = 17.14.36414.22 d17.14
MinimumVisualStudioVersion = 10.0.40219.1
Project("{FAE04EC0-301F-11D3-BF4B-00C04F79EFBC}") = "Laboratorio171", "Laboratorio171\Laboratorio171.csproj", "{7552BE73-035C-493D-8BA9-F8743488E6A8}"
EndProject
Global
	GlobalSection(SolutionConfigurationPlatforms) = preSolution
		Debug|Any CPU = Debug|Any CPU
		Release|Any CPU = Release|Any CPU
	EndGlobalSection
	GlobalSection(ProjectConfigurationPlatforms) = postSolution
		{7552BE73-035C-493D-8BA9-F8743488E6A8}.Debug|Any CPU.ActiveCfg = Debug|Any CPU
		{7552BE73-035C-493D-8BA9-F8743488E6A8}.Debug|Any CPU.Build.0 = Debug|Any CPU
		{7552BE73-035C-493D-8BA9-F8743488E6A8}.Release|Any CPU.ActiveCfg = Release|Any CPU
		{7552BE73-035C-493D-8BA9-F8743488E6A8}.Release|Any CPU.Build.0 = Release|Any CPU
	EndGlobalSection
	GlobalSection(SolutionProperties) = preSolution
		HideSolutionNode = FALSE
	EndGlobalSection
	GlobalSection(ExtensibilityGlobals) = postSolution
		SolutionGuid = {1CF7ED62-EA00-4956-AA35-9B581582A88A}
	EndGlobalSection
EndGlobal
