
Microsoft Visual Studio Solution File, Format Version 12.00
# Visual Studio Version 17
VisualStudioVersion = 17.14.36414.22 d17.14
MinimumVisualStudioVersion = 10.0.40219.1
Project("{FAE04EC0-301F-11D3-BF4B-00C04F79EFBC}") = "Laboratorio11", "Laboratorio11\Laboratorio11.csproj", "{0067260C-629E-48BB-B47B-76262C0F2222}"
EndProject
Global
	GlobalSection(SolutionConfigurationPlatforms) = preSolution
		Debug|Any CPU = Debug|Any CPU
		Release|Any CPU = Release|Any CPU
	EndGlobalSection
	GlobalSection(ProjectConfigurationPlatforms) = postSolution
		{0067260C-629E-48BB-B47B-76262C0F2222}.Debug|Any CPU.ActiveCfg = Debug|Any CPU
		{0067260C-629E-48BB-B47B-76262C0F2222}.Debug|Any CPU.Build.0 = Debug|Any CPU
		{0067260C-629E-48BB-B47B-76262C0F2222}.Release|Any CPU.ActiveCfg = Release|Any CPU
		{0067260C-629E-48BB-B47B-76262C0F2222}.Release|Any CPU.Build.0 = Release|Any CPU
	EndGlobalSection
	GlobalSection(SolutionProperties) = preSolution
		HideSolutionNode = FALSE
	EndGlobalSection
	GlobalSection(ExtensibilityGlobals) = postSolution
		SolutionGuid = {819C3590-1D74-405D-A1E5-52B341599A5D}
	EndGlobalSection
EndGlobal
